
Microsoft Visual Studio Solution File, Format Version 12.00
# Visual Studio Version 17
VisualStudioVersion = 17.10.35004.147
MinimumVisualStudioVersion = 10.0.40219.1
Project("{FAE04EC0-301F-11D3-BF4B-00C04F79EFBC}") = "L.Entities", "L.Entities\L.Entities.csproj", "{2A658554-8F30-49FF-8FE5-E5F5F00523C6}"
EndProject
Project("{FAE04EC0-301F-11D3-BF4B-00C04F79EFBC}") = "L.DataAccess", "L.DataAccess\L.DataAccess.csproj", "{590729D2-F7D0-4993-8CEF-C15BF729D02A}"
EndProject
Project("{FAE04EC0-301F-11D3-BF4B-00C04F79EFBC}") = "L.Business", "L.Business\L.Business.csproj", "{127DCD71-4F12-4CEA-8C54-1941AD718C3B}"
EndProject
Project("{FAE04EC0-301F-11D3-BF4B-00C04F79EFBC}") = "L.WebFormsUI", "L.WebFormsUI\L.WebFormsUI.csproj", "{ED61DAF8-39F6-431E-88EE-93CCB6FBDC15}"
EndProject
Global
	GlobalSection(SolutionConfigurationPlatforms) = preSolution
		Debug|Any CPU = Debug|Any CPU
		Release|Any CPU = Release|Any CPU
	EndGlobalSection
	GlobalSection(ProjectConfigurationPlatforms) = postSolution
		{2A658554-8F30-49FF-8FE5-E5F5F00523C6}.Debug|Any CPU.ActiveCfg = Debug|Any CPU
		{2A658554-8F30-49FF-8FE5-E5F5F00523C6}.Debug|Any CPU.Build.0 = Debug|Any CPU
		{2A658554-8F30-49FF-8FE5-E5F5F00523C6}.Release|Any CPU.ActiveCfg = Release|Any CPU
		{2A658554-8F30-49FF-8FE5-E5F5F00523C6}.Release|Any CPU.Build.0 = Release|Any CPU
		{590729D2-F7D0-4993-8CEF-C15BF729D02A}.Debug|Any CPU.ActiveCfg = Debug|Any CPU
		{590729D2-F7D0-4993-8CEF-C15BF729D02A}.Debug|Any CPU.Build.0 = Debug|Any CPU
		{590729D2-F7D0-4993-8CEF-C15BF729D02A}.Release|Any CPU.ActiveCfg = Release|Any CPU
		{590729D2-F7D0-4993-8CEF-C15BF729D02A}.Release|Any CPU.Build.0 = Release|Any CPU
		{127DCD71-4F12-4CEA-8C54-1941AD718C3B}.Debug|Any CPU.ActiveCfg = Debug|Any CPU
		{127DCD71-4F12-4CEA-8C54-1941AD718C3B}.Debug|Any CPU.Build.0 = Debug|Any CPU
		{127DCD71-4F12-4CEA-8C54-1941AD718C3B}.Release|Any CPU.ActiveCfg = Release|Any CPU
		{127DCD71-4F12-4CEA-8C54-1941AD718C3B}.Release|Any CPU.Build.0 = Release|Any CPU
		{ED61DAF8-39F6-431E-88EE-93CCB6FBDC15}.Debug|Any CPU.ActiveCfg = Debug|Any CPU
		{ED61DAF8-39F6-431E-88EE-93CCB6FBDC15}.Debug|Any CPU.Build.0 = Debug|Any CPU
		{ED61DAF8-39F6-431E-88EE-93CCB6FBDC15}.Release|Any CPU.ActiveCfg = Release|Any CPU
		{ED61DAF8-39F6-431E-88EE-93CCB6FBDC15}.Release|Any CPU.Build.0 = Release|Any CPU
	EndGlobalSection
	GlobalSection(SolutionProperties) = preSolution
		HideSolutionNode = FALSE
	EndGlobalSection
	GlobalSection(ExtensibilityGlobals) = postSolution
		SolutionGuid = {D3DC20F7-2DAE-4FE4-A866-092AB0B7A6D1}
	EndGlobalSection
EndGlobal
